
Microsoft Visual Studio Solution File, Format Version 12.00
# Visual Studio Version 17
VisualStudioVersion = 17.8.34330.188
MinimumVisualStudioVersion = 10.0.40219.1
Project("{FAE04EC0-301F-11D3-BF4B-00C04F79EFBC}") = "BtzTransports.Domain", "BtzTransports.Domain\BtzTransports.Domain.csproj", "{4F8EE180-34E7-41AE-B421-38BE7E73B873}"
EndProject
Project("{FAE04EC0-301F-11D3-BF4B-00C04F79EFBC}") = "BtzTransports.Web", "BtzTransports.Web\BtzTransports.Web.csproj", "{539D7E87-D4EC-42D7-A6E3-F4B05FA3B3A5}"
EndProject
Project("{FAE04EC0-301F-11D3-BF4B-00C04F79EFBC}") = "BtzTransports.Context", "BtzTransports.Context\BtzTransports.Context.csproj", "{D7A6669C-CD90-4E45-A884-A5DA96DCAB68}"
EndProject
Project("{2150E333-8FDC-42A3-9474-1A3956D46DE8}") = "Libs", "Libs", "{D2A4EC32-F0AF-4468-8385-ACD3F0EFA34A}"
EndProject
Project("{FAE04EC0-301F-11D3-BF4B-00C04F79EFBC}") = "General", "General\General.csproj", "{9736B294-19B6-4036-8D61-78C9492A30C0}"
EndProject
Global
	GlobalSection(SolutionConfigurationPlatforms) = preSolution
		Debug|Any CPU = Debug|Any CPU
		Release|Any CPU = Release|Any CPU
	EndGlobalSection
	GlobalSection(ProjectConfigurationPlatforms) = postSolution
		{4F8EE180-34E7-41AE-B421-38BE7E73B873}.Debug|Any CPU.ActiveCfg = Debug|Any CPU
		{4F8EE180-34E7-41AE-B421-38BE7E73B873}.Debug|Any CPU.Build.0 = Debug|Any CPU
		{4F8EE180-34E7-41AE-B421-38BE7E73B873}.Release|Any CPU.ActiveCfg = Release|Any CPU
		{4F8EE180-34E7-41AE-B421-38BE7E73B873}.Release|Any CPU.Build.0 = Release|Any CPU
		{539D7E87-D4EC-42D7-A6E3-F4B05FA3B3A5}.Debug|Any CPU.ActiveCfg = Debug|Any CPU
		{539D7E87-D4EC-42D7-A6E3-F4B05FA3B3A5}.Debug|Any CPU.Build.0 = Debug|Any CPU
		{539D7E87-D4EC-42D7-A6E3-F4B05FA3B3A5}.Release|Any CPU.ActiveCfg = Release|Any CPU
		{539D7E87-D4EC-42D7-A6E3-F4B05FA3B3A5}.Release|Any CPU.Build.0 = Release|Any CPU
		{D7A6669C-CD90-4E45-A884-A5DA96DCAB68}.Debug|Any CPU.ActiveCfg = Debug|Any CPU
		{D7A6669C-CD90-4E45-A884-A5DA96DCAB68}.Debug|Any CPU.Build.0 = Debug|Any CPU
		{D7A6669C-CD90-4E45-A884-A5DA96DCAB68}.Release|Any CPU.ActiveCfg = Release|Any CPU
		{D7A6669C-CD90-4E45-A884-A5DA96DCAB68}.Release|Any CPU.Build.0 = Release|Any CPU
		{9736B294-19B6-4036-8D61-78C9492A30C0}.Debug|Any CPU.ActiveCfg = Debug|Any CPU
		{9736B294-19B6-4036-8D61-78C9492A30C0}.Debug|Any CPU.Build.0 = Debug|Any CPU
		{9736B294-19B6-4036-8D61-78C9492A30C0}.Release|Any CPU.ActiveCfg = Release|Any CPU
		{9736B294-19B6-4036-8D61-78C9492A30C0}.Release|Any CPU.Build.0 = Release|Any CPU
	EndGlobalSection
	GlobalSection(SolutionProperties) = preSolution
		HideSolutionNode = FALSE
	EndGlobalSection
	GlobalSection(NestedProjects) = preSolution
		{9736B294-19B6-4036-8D61-78C9492A30C0} = {D2A4EC32-F0AF-4468-8385-ACD3F0EFA34A}
	EndGlobalSection
	GlobalSection(ExtensibilityGlobals) = postSolution
		SolutionGuid = {924D6FB9-D84A-4F52-86A5-142E07F7817E}
	EndGlobalSection
EndGlobal
